// !$*UTF8*$!
{
	archiveVersion = 1;
	classes = {
	};
	objectVersion = 56;
	objects = {

/* Begin PBXBuildFile section */
		049ADE9429C6E40E009B9B62 /* ButtonStyle.swift in Sources */ = {isa = PBXBuildFile; fileRef = 049ADE9329C6E40E009B9B62 /* ButtonStyle.swift */; };
		049ADE9929C6E9BC009B9B62 /* DefaultButton.swift in Sources */ = {isa = PBXBuildFile; fileRef = 049ADE9829C6E9BC009B9B62 /* DefaultButton.swift */; };
		049ADE9E29C6EB44009B9B62 /* ButtonTest.swift in Sources */ = {isa = PBXBuildFile; fileRef = 049ADE9D29C6EB44009B9B62 /* ButtonTest.swift */; };
		049ADEA329C97003009B9B62 /* DiagnosisView.swift in Sources */ = {isa = PBXBuildFile; fileRef = 049ADEA229C97003009B9B62 /* DiagnosisView.swift */; };
		049ADEA729C98371009B9B62 /* SelfTestView.swift in Sources */ = {isa = PBXBuildFile; fileRef = 049ADEA629C98371009B9B62 /* SelfTestView.swift */; };
		049ADEA929C9837C009B9B62 /* WatchInfoView.swift in Sources */ = {isa = PBXBuildFile; fileRef = 049ADEA829C9837C009B9B62 /* WatchInfoView.swift */; };
		049ADEAB29C9BB62009B9B62 /* SelfTestViewModel.swift in Sources */ = {isa = PBXBuildFile; fileRef = 049ADEAA29C9BB62009B9B62 /* SelfTestViewModel.swift */; };
		049ADEAE29C9BE56009B9B62 /* SelfTest.swift in Sources */ = {isa = PBXBuildFile; fileRef = 049ADEAD29C9BE56009B9B62 /* SelfTest.swift */; };
		049ADEB029C9C2AB009B9B62 /* SelfTestRow.swift in Sources */ = {isa = PBXBuildFile; fileRef = 049ADEAF29C9C2AB009B9B62 /* SelfTestRow.swift */; };
		BC3CA1AA29BF667800C8AE3D /* HomeViewModel.swift in Sources */ = {isa = PBXBuildFile; fileRef = BC3CA1A929BF667800C8AE3D /* HomeViewModel.swift */; };
		BC3CA1AD29BF704A00C8AE3D /* InformationCard.swift in Sources */ = {isa = PBXBuildFile; fileRef = BC3CA1AC29BF704A00C8AE3D /* InformationCard.swift */; };
		BC3CA1AF29BF7DB900C8AE3D /* InformationDetailModal.swift in Sources */ = {isa = PBXBuildFile; fileRef = BC3CA1AE29BF7DB900C8AE3D /* InformationDetailModal.swift */; };
		BC4317C629C0886D0094333B /* InformationCardList.swift in Sources */ = {isa = PBXBuildFile; fileRef = BC4317C529C0886D0094333B /* InformationCardList.swift */; };
		BC4317C929C094530094333B /* AlzheimerInformationType.swift in Sources */ = {isa = PBXBuildFile; fileRef = BC4317C829C094530094333B /* AlzheimerInformationType.swift */; };
		BC4317CC29C095020094333B /* AlzheimerInformation.swift in Sources */ = {isa = PBXBuildFile; fileRef = BC4317CB29C095020094333B /* AlzheimerInformation.swift */; };
		BC8D550029B9909C00FAA6E3 /* AtchIApp.swift in Sources */ = {isa = PBXBuildFile; fileRef = BC8D54FF29B9909C00FAA6E3 /* AtchIApp.swift */; };
		BC8D550229B9909C00FAA6E3 /* ContentView.swift in Sources */ = {isa = PBXBuildFile; fileRef = BC8D550129B9909C00FAA6E3 /* ContentView.swift */; };
		BC8D550429B9909D00FAA6E3 /* Assets.xcassets in Resources */ = {isa = PBXBuildFile; fileRef = BC8D550329B9909D00FAA6E3 /* Assets.xcassets */; };
		BC8D550729B9909D00FAA6E3 /* Preview Assets.xcassets in Resources */ = {isa = PBXBuildFile; fileRef = BC8D550629B9909D00FAA6E3 /* Preview Assets.xcassets */; };
		BC8D551629B9957900FAA6E3 /* Colors.swift in Sources */ = {isa = PBXBuildFile; fileRef = BC8D551529B9957900FAA6E3 /* Colors.swift */; };
		BC8D551829B9959100FAA6E3 /* Fonts.swift in Sources */ = {isa = PBXBuildFile; fileRef = BC8D551729B9959100FAA6E3 /* Fonts.swift */; };
		BCDDE0BD29BDE613003E364C /* HomeView.swift in Sources */ = {isa = PBXBuildFile; fileRef = BCDDE0BC29BDE613003E364C /* HomeView.swift */; };
		BCDDE0C029BE17FA003E364C /* AIDiagnosisCard.swift in Sources */ = {isa = PBXBuildFile; fileRef = BCDDE0BF29BE17FA003E364C /* AIDiagnosisCard.swift */; };
		BCDDE0C229BE286C003E364C /* AppTitleBar.swift in Sources */ = {isa = PBXBuildFile; fileRef = BCDDE0C129BE286C003E364C /* AppTitleBar.swift */; };
		BCE394AE29BEF73500FEE178 /* SelfDiagnosisShortcutCard.swift in Sources */ = {isa = PBXBuildFile; fileRef = BCE394AD29BEF73500FEE178 /* SelfDiagnosisShortcutCard.swift */; };
		BCE394B129BEF90400FEE178 /* QuizShortcutCard.swift in Sources */ = {isa = PBXBuildFile; fileRef = BCE394B029BEF90400FEE178 /* QuizShortcutCard.swift */; };
		BCE394B429BEF99600FEE178 /* ShortcutCard.swift in Sources */ = {isa = PBXBuildFile; fileRef = BCE394B329BEF99600FEE178 /* ShortcutCard.swift */; };
/* End PBXBuildFile section */

/* Begin PBXFileReference section */
		049ADE9329C6E40E009B9B62 /* ButtonStyle.swift */ = {isa = PBXFileReference; lastKnownFileType = sourcecode.swift; path = ButtonStyle.swift; sourceTree = "<group>"; };
		049ADE9829C6E9BC009B9B62 /* DefaultButton.swift */ = {isa = PBXFileReference; lastKnownFileType = sourcecode.swift; path = DefaultButton.swift; sourceTree = "<group>"; };
		049ADE9D29C6EB44009B9B62 /* ButtonTest.swift */ = {isa = PBXFileReference; lastKnownFileType = sourcecode.swift; path = ButtonTest.swift; sourceTree = "<group>"; };
		049ADEA229C97003009B9B62 /* DiagnosisView.swift */ = {isa = PBXFileReference; lastKnownFileType = sourcecode.swift; path = DiagnosisView.swift; sourceTree = "<group>"; };
		049ADEA629C98371009B9B62 /* SelfTestView.swift */ = {isa = PBXFileReference; lastKnownFileType = sourcecode.swift; path = SelfTestView.swift; sourceTree = "<group>"; };
		049ADEA829C9837C009B9B62 /* WatchInfoView.swift */ = {isa = PBXFileReference; lastKnownFileType = sourcecode.swift; path = WatchInfoView.swift; sourceTree = "<group>"; };
		049ADEAA29C9BB62009B9B62 /* SelfTestViewModel.swift */ = {isa = PBXFileReference; lastKnownFileType = sourcecode.swift; path = SelfTestViewModel.swift; sourceTree = "<group>"; };
		049ADEAD29C9BE56009B9B62 /* SelfTest.swift */ = {isa = PBXFileReference; lastKnownFileType = sourcecode.swift; path = SelfTest.swift; sourceTree = "<group>"; };
		049ADEAF29C9C2AB009B9B62 /* SelfTestRow.swift */ = {isa = PBXFileReference; lastKnownFileType = sourcecode.swift; path = SelfTestRow.swift; sourceTree = "<group>"; };
		BC3CA1A929BF667800C8AE3D /* HomeViewModel.swift */ = {isa = PBXFileReference; lastKnownFileType = sourcecode.swift; path = HomeViewModel.swift; sourceTree = "<group>"; };
		BC3CA1AC29BF704A00C8AE3D /* InformationCard.swift */ = {isa = PBXFileReference; lastKnownFileType = sourcecode.swift; path = InformationCard.swift; sourceTree = "<group>"; };
		BC3CA1AE29BF7DB900C8AE3D /* InformationDetailModal.swift */ = {isa = PBXFileReference; lastKnownFileType = sourcecode.swift; path = InformationDetailModal.swift; sourceTree = "<group>"; };
		BC4317C529C0886D0094333B /* InformationCardList.swift */ = {isa = PBXFileReference; lastKnownFileType = sourcecode.swift; path = InformationCardList.swift; sourceTree = "<group>"; };
		BC4317C829C094530094333B /* AlzheimerInformationType.swift */ = {isa = PBXFileReference; lastKnownFileType = sourcecode.swift; path = AlzheimerInformationType.swift; sourceTree = "<group>"; };
		BC4317CB29C095020094333B /* AlzheimerInformation.swift */ = {isa = PBXFileReference; lastKnownFileType = sourcecode.swift; path = AlzheimerInformation.swift; sourceTree = "<group>"; };
		BC8D54FC29B9909C00FAA6E3 /* AtchI.app */ = {isa = PBXFileReference; explicitFileType = wrapper.application; includeInIndex = 0; path = AtchI.app; sourceTree = BUILT_PRODUCTS_DIR; };
		BC8D54FF29B9909C00FAA6E3 /* AtchIApp.swift */ = {isa = PBXFileReference; lastKnownFileType = sourcecode.swift; path = AtchIApp.swift; sourceTree = "<group>"; };
		BC8D550129B9909C00FAA6E3 /* ContentView.swift */ = {isa = PBXFileReference; lastKnownFileType = sourcecode.swift; path = ContentView.swift; sourceTree = "<group>"; };
		BC8D550329B9909D00FAA6E3 /* Assets.xcassets */ = {isa = PBXFileReference; lastKnownFileType = folder.assetcatalog; path = Assets.xcassets; sourceTree = "<group>"; };
		BC8D550629B9909D00FAA6E3 /* Preview Assets.xcassets */ = {isa = PBXFileReference; lastKnownFileType = folder.assetcatalog; path = "Preview Assets.xcassets"; sourceTree = "<group>"; };
		BC8D551529B9957900FAA6E3 /* Colors.swift */ = {isa = PBXFileReference; lastKnownFileType = sourcecode.swift; path = Colors.swift; sourceTree = "<group>"; };
		BC8D551729B9959100FAA6E3 /* Fonts.swift */ = {isa = PBXFileReference; lastKnownFileType = sourcecode.swift; path = Fonts.swift; sourceTree = "<group>"; };
		BCDDE0BC29BDE613003E364C /* HomeView.swift */ = {isa = PBXFileReference; lastKnownFileType = sourcecode.swift; path = HomeView.swift; sourceTree = "<group>"; };
		BCDDE0BF29BE17FA003E364C /* AIDiagnosisCard.swift */ = {isa = PBXFileReference; lastKnownFileType = sourcecode.swift; path = AIDiagnosisCard.swift; sourceTree = "<group>"; };
		BCDDE0C129BE286C003E364C /* AppTitleBar.swift */ = {isa = PBXFileReference; lastKnownFileType = sourcecode.swift; path = AppTitleBar.swift; sourceTree = "<group>"; };
		BCE394AD29BEF73500FEE178 /* SelfDiagnosisShortcutCard.swift */ = {isa = PBXFileReference; lastKnownFileType = sourcecode.swift; path = SelfDiagnosisShortcutCard.swift; sourceTree = "<group>"; };
		BCE394B029BEF90400FEE178 /* QuizShortcutCard.swift */ = {isa = PBXFileReference; lastKnownFileType = sourcecode.swift; path = QuizShortcutCard.swift; sourceTree = "<group>"; };
		BCE394B329BEF99600FEE178 /* ShortcutCard.swift */ = {isa = PBXFileReference; lastKnownFileType = sourcecode.swift; path = ShortcutCard.swift; sourceTree = "<group>"; };
/* End PBXFileReference section */

/* Begin PBXFrameworksBuildPhase section */
		BC8D54F929B9909C00FAA6E3 /* Frameworks */ = {
			isa = PBXFrameworksBuildPhase;
			buildActionMask = 2147483647;
			files = (
			);
			runOnlyForDeploymentPostprocessing = 0;
		};
/* End PBXFrameworksBuildPhase section */

/* Begin PBXGroup section */
		049ADE9029C6E3B2009B9B62 /* UI */ = {
			isa = PBXGroup;
			children = (
				049ADE9129C6E3BF009B9B62 /* Button */,
				049ADE9D29C6EB44009B9B62 /* ButtonTest.swift */,
			);
			path = UI;
			sourceTree = "<group>";
		};
		049ADE9129C6E3BF009B9B62 /* Button */ = {
			isa = PBXGroup;
			children = (
				049ADE9329C6E40E009B9B62 /* ButtonStyle.swift */,
				049ADE9829C6E9BC009B9B62 /* DefaultButton.swift */,
			);
			path = Button;
			sourceTree = "<group>";
		};
		049ADE9F29C95CF6009B9B62 /* Diagnosis */ = {
			isa = PBXGroup;
			children = (
				049ADEAC29C9BE4B009B9B62 /* Model */,
				049ADEA129C95D09009B9B62 /* ViewModel */,
				049ADEA029C95D05009B9B62 /* View */,
			);
			path = Diagnosis;
			sourceTree = "<group>";
		};
		049ADEA029C95D05009B9B62 /* View */ = {
			isa = PBXGroup;
			children = (
				049ADEA529C98349009B9B62 /* SelfTest */,
				049ADEA429C98326009B9B62 /* WatchInfo */,
				049ADEA229C97003009B9B62 /* DiagnosisView.swift */,
			);
			path = View;
			sourceTree = "<group>";
		};
		049ADEA129C95D09009B9B62 /* ViewModel */ = {
			isa = PBXGroup;
			children = (
				049ADEAA29C9BB62009B9B62 /* SelfTestViewModel.swift */,
			);
			path = ViewModel;
			sourceTree = "<group>";
		};
		049ADEA429C98326009B9B62 /* WatchInfo */ = {
			isa = PBXGroup;
			children = (
				049ADEA829C9837C009B9B62 /* WatchInfoView.swift */,
			);
			path = WatchInfo;
			sourceTree = "<group>";
		};
		049ADEA529C98349009B9B62 /* SelfTest */ = {
			isa = PBXGroup;
			children = (
				049ADEA629C98371009B9B62 /* SelfTestView.swift */,
				049ADEAF29C9C2AB009B9B62 /* SelfTestRow.swift */,
			);
			path = SelfTest;
			sourceTree = "<group>";
		};
		049ADEAC29C9BE4B009B9B62 /* Model */ = {
			isa = PBXGroup;
			children = (
				049ADEAD29C9BE56009B9B62 /* SelfTest.swift */,
			);
			path = Model;
			sourceTree = "<group>";
		};
		BC3CA1A829BF664800C8AE3D /* ViewModel */ = {
			isa = PBXGroup;
			children = (
				BC3CA1A929BF667800C8AE3D /* HomeViewModel.swift */,
			);
			path = ViewModel;
			sourceTree = "<group>";
		};
		BC4317C729C094220094333B /* Constant */ = {
			isa = PBXGroup;
			children = (
				BC4317C829C094530094333B /* AlzheimerInformationType.swift */,
			);
			path = Constant;
			sourceTree = "<group>";
		};
		BC4317CA29C094EE0094333B /* Structure */ = {
			isa = PBXGroup;
			children = (
				BC4317CB29C095020094333B /* AlzheimerInformation.swift */,
			);
			path = Structure;
			sourceTree = "<group>";
		};
		BC8D54F329B9909C00FAA6E3 = {
			isa = PBXGroup;
			children = (
				BC8D54FE29B9909C00FAA6E3 /* AtchI */,
				BC8D54FD29B9909C00FAA6E3 /* Products */,
			);
			sourceTree = "<group>";
		};
		BC8D54FD29B9909C00FAA6E3 /* Products */ = {
			isa = PBXGroup;
			children = (
				BC8D54FC29B9909C00FAA6E3 /* AtchI.app */,
			);
			name = Products;
			sourceTree = "<group>";
		};
		BC8D54FE29B9909C00FAA6E3 /* AtchI */ = {
			isa = PBXGroup;
			children = (
				BC8D551C29B99A4A00FAA6E3 /* Presentation */,
				BC8D551329B9951400FAA6E3 /* Util */,
				BC8D54FF29B9909C00FAA6E3 /* AtchIApp.swift */,
				BC8D550129B9909C00FAA6E3 /* ContentView.swift */,
				BC8D550329B9909D00FAA6E3 /* Assets.xcassets */,
				BC8D550529B9909D00FAA6E3 /* Preview Content */,
			);
			path = AtchI;
			sourceTree = "<group>";
		};
		BC8D550529B9909D00FAA6E3 /* Preview Content */ = {
			isa = PBXGroup;
			children = (
				BC8D550629B9909D00FAA6E3 /* Preview Assets.xcassets */,
			);
			path = "Preview Content";
			sourceTree = "<group>";
		};
		BC8D551329B9951400FAA6E3 /* Util */ = {
			isa = PBXGroup;
			children = (
				049ADE9029C6E3B2009B9B62 /* UI */,
				BC4317CA29C094EE0094333B /* Structure */,
				BC4317C729C094220094333B /* Constant */,
				BC8D551929B995A200FAA6E3 /* Extension */,
			);
			path = Util;
			sourceTree = "<group>";
		};
		BC8D551929B995A200FAA6E3 /* Extension */ = {
			isa = PBXGroup;
			children = (
				BC8D551529B9957900FAA6E3 /* Colors.swift */,
				BC8D551729B9959100FAA6E3 /* Fonts.swift */,
			);
			path = Extension;
			sourceTree = "<group>";
		};
		BC8D551C29B99A4A00FAA6E3 /* Presentation */ = {
			isa = PBXGroup;
			children = (
				049ADE9F29C95CF6009B9B62 /* Diagnosis */,
				BC8D551E29B99A6D00FAA6E3 /* Home */,
			);
			path = Presentation;
			sourceTree = "<group>";
		};
		BC8D551E29B99A6D00FAA6E3 /* Home */ = {
			isa = PBXGroup;
			children = (
				BC3CA1A829BF664800C8AE3D /* ViewModel */,
				BC8D552029B99A9100FAA6E3 /* View */,
			);
			path = Home;
			sourceTree = "<group>";
		};
		BC8D552029B99A9100FAA6E3 /* View */ = {
			isa = PBXGroup;
			children = (
				BCE394B229BEF94900FEE178 /* Reusable */,
				BCDDE0BE29BE17D0003E364C /* Component */,
				BCDDE0BC29BDE613003E364C /* HomeView.swift */,
			);
			path = View;
			sourceTree = "<group>";
		};
		BCDDE0BE29BE17D0003E364C /* Component */ = {
			isa = PBXGroup;
			children = (
				BCDDE0BF29BE17FA003E364C /* AIDiagnosisCard.swift */,
				BCDDE0C129BE286C003E364C /* AppTitleBar.swift */,
				BCE394AD29BEF73500FEE178 /* SelfDiagnosisShortcutCard.swift */,
				BCE394B029BEF90400FEE178 /* QuizShortcutCard.swift */,
				BC4317C529C0886D0094333B /* InformationCardList.swift */,
			);
			path = Component;
			sourceTree = "<group>";
		};
		BCE394B229BEF94900FEE178 /* Reusable */ = {
			isa = PBXGroup;
			children = (
				BCE394B329BEF99600FEE178 /* ShortcutCard.swift */,
				BC3CA1AC29BF704A00C8AE3D /* InformationCard.swift */,
				BC3CA1AE29BF7DB900C8AE3D /* InformationDetailModal.swift */,
			);
			path = Reusable;
			sourceTree = "<group>";
		};
/* End PBXGroup section */

/* Begin PBXNativeTarget section */
		BC8D54FB29B9909C00FAA6E3 /* AtchI */ = {
			isa = PBXNativeTarget;
			buildConfigurationList = BC8D550A29B9909D00FAA6E3 /* Build configuration list for PBXNativeTarget "AtchI" */;
			buildPhases = (
				BC8D54F829B9909C00FAA6E3 /* Sources */,
				BC8D54F929B9909C00FAA6E3 /* Frameworks */,
				BC8D54FA29B9909C00FAA6E3 /* Resources */,
			);
			buildRules = (
			);
			dependencies = (
			);
			name = AtchI;
			productName = AtchI;
			productReference = BC8D54FC29B9909C00FAA6E3 /* AtchI.app */;
			productType = "com.apple.product-type.application";
		};
/* End PBXNativeTarget section */

/* Begin PBXProject section */
		BC8D54F429B9909C00FAA6E3 /* Project object */ = {
			isa = PBXProject;
			attributes = {
				BuildIndependentTargetsInParallel = 1;
				LastSwiftUpdateCheck = 1420;
				LastUpgradeCheck = 1420;
				TargetAttributes = {
					BC8D54FB29B9909C00FAA6E3 = {
						CreatedOnToolsVersion = 14.2;
					};
				};
			};
			buildConfigurationList = BC8D54F729B9909C00FAA6E3 /* Build configuration list for PBXProject "AtchI" */;
			compatibilityVersion = "Xcode 14.0";
			developmentRegion = en;
			hasScannedForEncodings = 0;
			knownRegions = (
				en,
				Base,
			);
			mainGroup = BC8D54F329B9909C00FAA6E3;
			productRefGroup = BC8D54FD29B9909C00FAA6E3 /* Products */;
			projectDirPath = "";
			projectRoot = "";
			targets = (
				BC8D54FB29B9909C00FAA6E3 /* AtchI */,
			);
		};
/* End PBXProject section */

/* Begin PBXResourcesBuildPhase section */
		BC8D54FA29B9909C00FAA6E3 /* Resources */ = {
			isa = PBXResourcesBuildPhase;
			buildActionMask = 2147483647;
			files = (
				BC8D550729B9909D00FAA6E3 /* Preview Assets.xcassets in Resources */,
				BC8D550429B9909D00FAA6E3 /* Assets.xcassets in Resources */,
			);
			runOnlyForDeploymentPostprocessing = 0;
		};
/* End PBXResourcesBuildPhase section */

/* Begin PBXSourcesBuildPhase section */
		BC8D54F829B9909C00FAA6E3 /* Sources */ = {
			isa = PBXSourcesBuildPhase;
			buildActionMask = 2147483647;
			files = (
				BC8D550229B9909C00FAA6E3 /* ContentView.swift in Sources */,
				BC3CA1AA29BF667800C8AE3D /* HomeViewModel.swift in Sources */,
				BCE394B429BEF99600FEE178 /* ShortcutCard.swift in Sources */,
				BCDDE0C029BE17FA003E364C /* AIDiagnosisCard.swift in Sources */,
				BC4317C629C0886D0094333B /* InformationCardList.swift in Sources */,
				BCDDE0C229BE286C003E364C /* AppTitleBar.swift in Sources */,
				BC8D551629B9957900FAA6E3 /* Colors.swift in Sources */,
				049ADE9E29C6EB44009B9B62 /* ButtonTest.swift in Sources */,
				049ADEA929C9837C009B9B62 /* WatchInfoView.swift in Sources */,
				049ADE9429C6E40E009B9B62 /* ButtonStyle.swift in Sources */,
				BC4317C929C094530094333B /* AlzheimerInformationType.swift in Sources */,
				BCDDE0BD29BDE613003E364C /* HomeView.swift in Sources */,
				BCE394B129BEF90400FEE178 /* QuizShortcutCard.swift in Sources */,
				BC3CA1AD29BF704A00C8AE3D /* InformationCard.swift in Sources */,
				BCE394AE29BEF73500FEE178 /* SelfDiagnosisShortcutCard.swift in Sources */,
				BC4317CC29C095020094333B /* AlzheimerInformation.swift in Sources */,
				BC8D551829B9959100FAA6E3 /* Fonts.swift in Sources */,
				049ADEAB29C9BB62009B9B62 /* SelfTestViewModel.swift in Sources */,
				BC8D550029B9909C00FAA6E3 /* AtchIApp.swift in Sources */,
				049ADEAE29C9BE56009B9B62 /* SelfTest.swift in Sources */,
				BC3CA1AF29BF7DB900C8AE3D /* InformationDetailModal.swift in Sources */,
				049ADEB029C9C2AB009B9B62 /* SelfTestRow.swift in Sources */,
				049ADEA329C97003009B9B62 /* DiagnosisView.swift in Sources */,
				049ADEA729C98371009B9B62 /* SelfTestView.swift in Sources */,
				049ADE9929C6E9BC009B9B62 /* DefaultButton.swift in Sources */,
			);
			runOnlyForDeploymentPostprocessing = 0;
		};
/* End PBXSourcesBuildPhase section */

/* Begin XCBuildConfiguration section */
		BC8D550829B9909D00FAA6E3 /* Debug */ = {
			isa = XCBuildConfiguration;
			buildSettings = {
				ALWAYS_SEARCH_USER_PATHS = NO;
				CLANG_ANALYZER_NONNULL = YES;
				CLANG_ANALYZER_NUMBER_OBJECT_CONVERSION = YES_AGGRESSIVE;
				CLANG_CXX_LANGUAGE_STANDARD = "gnu++20";
				CLANG_ENABLE_MODULES = YES;
				CLANG_ENABLE_OBJC_ARC = YES;
				CLANG_ENABLE_OBJC_WEAK = YES;
				CLANG_WARN_BLOCK_CAPTURE_AUTORELEASING = YES;
				CLANG_WARN_BOOL_CONVERSION = YES;
				CLANG_WARN_COMMA = YES;
				CLANG_WARN_CONSTANT_CONVERSION = YES;
				CLANG_WARN_DEPRECATED_OBJC_IMPLEMENTATIONS = YES;
				CLANG_WARN_DIRECT_OBJC_ISA_USAGE = YES_ERROR;
				CLANG_WARN_DOCUMENTATION_COMMENTS = YES;
				CLANG_WARN_EMPTY_BODY = YES;
				CLANG_WARN_ENUM_CONVERSION = YES;
				CLANG_WARN_INFINITE_RECURSION = YES;
				CLANG_WARN_INT_CONVERSION = YES;
				CLANG_WARN_NON_LITERAL_NULL_CONVERSION = YES;
				CLANG_WARN_OBJC_IMPLICIT_RETAIN_SELF = YES;
				CLANG_WARN_OBJC_LITERAL_CONVERSION = YES;
				CLANG_WARN_OBJC_ROOT_CLASS = YES_ERROR;
				CLANG_WARN_QUOTED_INCLUDE_IN_FRAMEWORK_HEADER = YES;
				CLANG_WARN_RANGE_LOOP_ANALYSIS = YES;
				CLANG_WARN_STRICT_PROTOTYPES = YES;
				CLANG_WARN_SUSPICIOUS_MOVE = YES;
				CLANG_WARN_UNGUARDED_AVAILABILITY = YES_AGGRESSIVE;
				CLANG_WARN_UNREACHABLE_CODE = YES;
				CLANG_WARN__DUPLICATE_METHOD_MATCH = YES;
				COPY_PHASE_STRIP = NO;
				DEBUG_INFORMATION_FORMAT = dwarf;
				ENABLE_STRICT_OBJC_MSGSEND = YES;
				ENABLE_TESTABILITY = YES;
				GCC_C_LANGUAGE_STANDARD = gnu11;
				GCC_DYNAMIC_NO_PIC = NO;
				GCC_NO_COMMON_BLOCKS = YES;
				GCC_OPTIMIZATION_LEVEL = 0;
				GCC_PREPROCESSOR_DEFINITIONS = (
					"DEBUG=1",
					"$(inherited)",
				);
				GCC_WARN_64_TO_32_BIT_CONVERSION = YES;
				GCC_WARN_ABOUT_RETURN_TYPE = YES_ERROR;
				GCC_WARN_UNDECLARED_SELECTOR = YES;
				GCC_WARN_UNINITIALIZED_AUTOS = YES_AGGRESSIVE;
				GCC_WARN_UNUSED_FUNCTION = YES;
				GCC_WARN_UNUSED_VARIABLE = YES;
				IPHONEOS_DEPLOYMENT_TARGET = 16.2;
				MTL_ENABLE_DEBUG_INFO = INCLUDE_SOURCE;
				MTL_FAST_MATH = YES;
				ONLY_ACTIVE_ARCH = YES;
				SDKROOT = iphoneos;
				SWIFT_ACTIVE_COMPILATION_CONDITIONS = DEBUG;
				SWIFT_OPTIMIZATION_LEVEL = "-Onone";
			};
			name = Debug;
		};
		BC8D550929B9909D00FAA6E3 /* Release */ = {
			isa = XCBuildConfiguration;
			buildSettings = {
				ALWAYS_SEARCH_USER_PATHS = NO;
				CLANG_ANALYZER_NONNULL = YES;
				CLANG_ANALYZER_NUMBER_OBJECT_CONVERSION = YES_AGGRESSIVE;
				CLANG_CXX_LANGUAGE_STANDARD = "gnu++20";
				CLANG_ENABLE_MODULES = YES;
				CLANG_ENABLE_OBJC_ARC = YES;
				CLANG_ENABLE_OBJC_WEAK = YES;
				CLANG_WARN_BLOCK_CAPTURE_AUTORELEASING = YES;
				CLANG_WARN_BOOL_CONVERSION = YES;
				CLANG_WARN_COMMA = YES;
				CLANG_WARN_CONSTANT_CONVERSION = YES;
				CLANG_WARN_DEPRECATED_OBJC_IMPLEMENTATIONS = YES;
				CLANG_WARN_DIRECT_OBJC_ISA_USAGE = YES_ERROR;
				CLANG_WARN_DOCUMENTATION_COMMENTS = YES;
				CLANG_WARN_EMPTY_BODY = YES;
				CLANG_WARN_ENUM_CONVERSION = YES;
				CLANG_WARN_INFINITE_RECURSION = YES;
				CLANG_WARN_INT_CONVERSION = YES;
				CLANG_WARN_NON_LITERAL_NULL_CONVERSION = YES;
				CLANG_WARN_OBJC_IMPLICIT_RETAIN_SELF = YES;
				CLANG_WARN_OBJC_LITERAL_CONVERSION = YES;
				CLANG_WARN_OBJC_ROOT_CLASS = YES_ERROR;
				CLANG_WARN_QUOTED_INCLUDE_IN_FRAMEWORK_HEADER = YES;
				CLANG_WARN_RANGE_LOOP_ANALYSIS = YES;
				CLANG_WARN_STRICT_PROTOTYPES = YES;
				CLANG_WARN_SUSPICIOUS_MOVE = YES;
				CLANG_WARN_UNGUARDED_AVAILABILITY = YES_AGGRESSIVE;
				CLANG_WARN_UNREACHABLE_CODE = YES;
				CLANG_WARN__DUPLICATE_METHOD_MATCH = YES;
				COPY_PHASE_STRIP = NO;
				DEBUG_INFORMATION_FORMAT = "dwarf-with-dsym";
				ENABLE_NS_ASSERTIONS = NO;
				ENABLE_STRICT_OBJC_MSGSEND = YES;
				GCC_C_LANGUAGE_STANDARD = gnu11;
				GCC_NO_COMMON_BLOCKS = YES;
				GCC_WARN_64_TO_32_BIT_CONVERSION = YES;
				GCC_WARN_ABOUT_RETURN_TYPE = YES_ERROR;
				GCC_WARN_UNDECLARED_SELECTOR = YES;
				GCC_WARN_UNINITIALIZED_AUTOS = YES_AGGRESSIVE;
				GCC_WARN_UNUSED_FUNCTION = YES;
				GCC_WARN_UNUSED_VARIABLE = YES;
				IPHONEOS_DEPLOYMENT_TARGET = 16.2;
				MTL_ENABLE_DEBUG_INFO = NO;
				MTL_FAST_MATH = YES;
				SDKROOT = iphoneos;
				SWIFT_COMPILATION_MODE = wholemodule;
				SWIFT_OPTIMIZATION_LEVEL = "-O";
				VALIDATE_PRODUCT = YES;
			};
			name = Release;
		};
		BC8D550B29B9909D00FAA6E3 /* Debug */ = {
			isa = XCBuildConfiguration;
			buildSettings = {
				ASSETCATALOG_COMPILER_APPICON_NAME = AppIcon;
				ASSETCATALOG_COMPILER_GLOBAL_ACCENT_COLOR_NAME = AccentColor;
				CODE_SIGN_STYLE = Automatic;
				CURRENT_PROJECT_VERSION = 1;
				DEVELOPMENT_ASSET_PATHS = "\"AtchI/Preview Content\"";
				DEVELOPMENT_TEAM = N8MX74Y447;
				ENABLE_PREVIEWS = YES;
				GENERATE_INFOPLIST_FILE = YES;
				INFOPLIST_KEY_UIApplicationSceneManifest_Generation = YES;
				INFOPLIST_KEY_UIApplicationSupportsIndirectInputEvents = YES;
				INFOPLIST_KEY_UILaunchScreen_Generation = YES;
				INFOPLIST_KEY_UISupportedInterfaceOrientations_iPad = "UIInterfaceOrientationPortrait UIInterfaceOrientationPortraitUpsideDown UIInterfaceOrientationLandscapeLeft UIInterfaceOrientationLandscapeRight";
				INFOPLIST_KEY_UISupportedInterfaceOrientations_iPhone = "UIInterfaceOrientationPortrait UIInterfaceOrientationLandscapeLeft UIInterfaceOrientationLandscapeRight";
				LD_RUNPATH_SEARCH_PATHS = (
					"$(inherited)",
					"@executable_path/Frameworks",
				);
				MARKETING_VERSION = 1.0;
				PRODUCT_BUNDLE_IDENTIFIER = doyeon.AtchI;
				PRODUCT_NAME = "$(TARGET_NAME)";
				SWIFT_EMIT_LOC_STRINGS = YES;
				SWIFT_VERSION = 5.0;
				TARGETED_DEVICE_FAMILY = "1,2";
			};
			name = Debug;
		};
		BC8D550C29B9909D00FAA6E3 /* Release */ = {
			isa = XCBuildConfiguration;
			buildSettings = {
				ASSETCATALOG_COMPILER_APPICON_NAME = AppIcon;
				ASSETCATALOG_COMPILER_GLOBAL_ACCENT_COLOR_NAME = AccentColor;
				CODE_SIGN_STYLE = Automatic;
				CURRENT_PROJECT_VERSION = 1;
				DEVELOPMENT_ASSET_PATHS = "\"AtchI/Preview Content\"";
				DEVELOPMENT_TEAM = N8MX74Y447;
				ENABLE_PREVIEWS = YES;
				GENERATE_INFOPLIST_FILE = YES;
				INFOPLIST_KEY_UIApplicationSceneManifest_Generation = YES;
				INFOPLIST_KEY_UIApplicationSupportsIndirectInputEvents = YES;
				INFOPLIST_KEY_UILaunchScreen_Generation = YES;
				INFOPLIST_KEY_UISupportedInterfaceOrientations_iPad = "UIInterfaceOrientationPortrait UIInterfaceOrientationPortraitUpsideDown UIInterfaceOrientationLandscapeLeft UIInterfaceOrientationLandscapeRight";
				INFOPLIST_KEY_UISupportedInterfaceOrientations_iPhone = "UIInterfaceOrientationPortrait UIInterfaceOrientationLandscapeLeft UIInterfaceOrientationLandscapeRight";
				LD_RUNPATH_SEARCH_PATHS = (
					"$(inherited)",
					"@executable_path/Frameworks",
				);
				MARKETING_VERSION = 1.0;
				PRODUCT_BUNDLE_IDENTIFIER = doyeon.AtchI;
				PRODUCT_NAME = "$(TARGET_NAME)";
				SWIFT_EMIT_LOC_STRINGS = YES;
				SWIFT_VERSION = 5.0;
				TARGETED_DEVICE_FAMILY = "1,2";
			};
			name = Release;
		};
/* End XCBuildConfiguration section */

/* Begin XCConfigurationList section */
		BC8D54F729B9909C00FAA6E3 /* Build configuration list for PBXProject "AtchI" */ = {
			isa = XCConfigurationList;
			buildConfigurations = (
				BC8D550829B9909D00FAA6E3 /* Debug */,
				BC8D550929B9909D00FAA6E3 /* Release */,
			);
			defaultConfigurationIsVisible = 0;
			defaultConfigurationName = Release;
		};
		BC8D550A29B9909D00FAA6E3 /* Build configuration list for PBXNativeTarget "AtchI" */ = {
			isa = XCConfigurationList;
			buildConfigurations = (
				BC8D550B29B9909D00FAA6E3 /* Debug */,
				BC8D550C29B9909D00FAA6E3 /* Release */,
			);
			defaultConfigurationIsVisible = 0;
			defaultConfigurationName = Release;
		};
/* End XCConfigurationList section */
	};
	rootObject = BC8D54F429B9909C00FAA6E3 /* Project object */;
}
