{
  "pins" : [
    {
      "identity" : "alamofire",
      "kind" : "remoteSourceControl",
      "location" : "https://github.com/Alamofire/Alamofire.git",
      "state" : {
        "revision" : "78424be314842833c04bc3bef5b72e85fff99204",
        "version" : "5.6.4"
      }
    },
    {
      "identity" : "factory",
      "kind" : "remoteSourceControl",
      "location" : "https://github.com/hmlongco/Factory.git",
      "state" : {
        "revision" : "bf4e0ab7cfc45a921856d9ca196d834b7abf15a0",
        "version" : "2.1.5"
      }
    },
    {
      "identity" : "lottie-ios",
      "kind" : "remoteSourceControl",
      "location" : "https://github.com/airbnb/lottie-ios",
      "state" : {
        "revision" : "d6feea26a370019b4d3a85f5984cb95a2734776f",
        "version" : "4.2.0"
      }
    },
    {
      "identity" : "moya",
      "kind" : "remoteSourceControl",
      "location" : "https://github.com/Moya/Moya.git",
      "state" : {
        "branch" : "master",
        "revision" : "963654cd4f82d17d7546b9d6127c29f6df091717"
      }
    },
    {
      "identity" : "reactiveswift",
      "kind" : "remoteSourceControl",
      "location" : "https://github.com/ReactiveCocoa/ReactiveSwift.git",
      "state" : {
        "revision" : "c43bae3dac73fdd3cb906bd5a1914686ca71ed3c",
        "version" : "6.7.0"
      }
    },
    {
      "identity" : "rxswift",
      "kind" : "remoteSourceControl",
      "location" : "https://github.com/ReactiveX/RxSwift.git",
      "state" : {
        "revision" : "b4307ba0b6425c0ba4178e138799946c3da594f8",
        "version" : "6.5.0"
      }
    },
    {
      "identity" : "stackcoordinator",
      "kind" : "remoteSourceControl",
      "location" : "https://github.com/leedoyeon849/StackCoordinator.git",
      "state" : {
        "branch" : "main",
        "revision" : "7abfecbfe597b7f5725465785f7ddd0cce61ea54"
      }
    },
    {
      "identity" : "swift-markdown-ui",
      "kind" : "remoteSourceControl",
      "location" : "https://github.com/gonzalezreal/swift-markdown-ui.git",
      "state" : {
        "revision" : "12b351a75201a8124c2f2e1f9fc6ef5cd812c0b9",
        "version" : "2.1.0"
      }
    }
  ],
  "version" : 2
}
